lockfileVersion: '6.0'

dependencies:
  axios:
    specifier: ^1.4.0
    version: 1.4.0
  bootstrap:
    specifier: ^5.0.1
    version: 5.0.1(@popperjs/core@2.11.8)
  dotenv:
    specifier: ^16.3.1
    version: 16.3.1
  next:
    specifier: 13.4.7
    version: 13.4.7(react-dom@18.2.0)(react@18.2.0)
  react:
    specifier: 18.2.0
    version: 18.2.0
  react-dom:
    specifier: 18.2.0
    version: 18.2.0(react@18.2.0)

packages:

  /@next/env@13.4.7:
    resolution: {integrity: sha512-ZlbiFulnwiFsW9UV1ku1OvX/oyIPLtMk9p/nnvDSwI0s7vSoZdRtxXNsaO+ZXrLv/pMbXVGq4lL8TbY9iuGmVw==}
    dev: false

  /@next/swc-darwin-arm64@13.4.7:
    resolution: {integrity: sha512-VZTxPv1b59KGiv/pZHTO5Gbsdeoxcj2rU2cqJu03btMhHpn3vwzEK0gUSVC/XW96aeGO67X+cMahhwHzef24/w==}
    engines: {node: '>= 10'}
    cpu: [arm64]
    os: [darwin]
    requiresBuild: true
    dev: false
    optional: true

  /@next/swc-darwin-x64@13.4.7:
    resolution: {integrity: sha512-gO2bw+2Ymmga+QYujjvDz9955xvYGrWofmxTq7m70b9pDPvl7aDFABJOZ2a8SRCuSNB5mXU8eTOmVVwyp/nAew==}
    engines: {node: '>= 10'}
    cpu: [x64]
    os: [darwin]
    requiresBuild: true
    dev: false
    optional: true

  /@next/swc-linux-arm64-gnu@13.4.7:
    resolution: {integrity: sha512-6cqp3vf1eHxjIDhEOc7Mh/s8z1cwc/l5B6ZNkOofmZVyu1zsbEM5Hmx64s12Rd9AYgGoiCz4OJ4M/oRnkE16/Q==}
    engines: {node: '>= 10'}
    cpu: [arm64]
    os: [linux]
    requiresBuild: true
    dev: false
    optional: true

  /@next/swc-linux-arm64-musl@13.4.7:
    resolution: {integrity: sha512-T1kD2FWOEy5WPidOn1si0rYmWORNch4a/NR52Ghyp4q7KyxOCuiOfZzyhVC5tsLIBDH3+cNdB5DkD9afpNDaOw==}
    engines: {node: '>= 10'}
    cpu: [arm64]
    os: [linux]
    requiresBuild: true
    dev: false
    optional: true

  /@next/swc-linux-x64-gnu@13.4.7:
    resolution: {integrity: sha512-zaEC+iEiAHNdhl6fuwl0H0shnTzQoAoJiDYBUze8QTntE/GNPfTYpYboxF5LRYIjBwETUatvE0T64W6SKDipvg==}
    engines: {node: '>= 10'}
    cpu: [x64]
    os: [linux]
    requiresBuild: true
    dev: false
    optional: true

  /@next/swc-linux-x64-musl@13.4.7:
    resolution: {integrity: sha512-X6r12F8d8SKAtYJqLZBBMIwEqcTRvUdVm+xIq+l6pJqlgT2tNsLLf2i5Cl88xSsIytBICGsCNNHd+siD2fbWBA==}
    engines: {node: '>= 10'}
    cpu: [x64]
    os: [linux]
    requiresBuild: true
    dev: false
    optional: true

  /@next/swc-win32-arm64-msvc@13.4.7:
    resolution: {integrity: sha512-NPnmnV+vEIxnu6SUvjnuaWRglZzw4ox5n/MQTxeUhb5iwVWFedolPFebMNwgrWu4AELwvTdGtWjqof53AiWHcw==}
    engines: {node: '>= 10'}
    cpu: [arm64]
    os: [win32]
    requiresBuild: true
    dev: false
    optional: true

  /@next/swc-win32-ia32-msvc@13.4.7:
    resolution: {integrity: sha512-6Hxijm6/a8XqLQpOOf/XuwWRhcuc/g4rBB2oxjgCMuV9Xlr2bLs5+lXyh8w9YbAUMYR3iC9mgOlXbHa79elmXw==}
    engines: {node: '>= 10'}
    cpu: [ia32]
    os: [win32]
    requiresBuild: true
    dev: false
    optional: true

  /@next/swc-win32-x64-msvc@13.4.7:
    resolution: {integrity: sha512-sW9Yt36Db1nXJL+mTr2Wo0y+VkPWeYhygvcHj1FF0srVtV+VoDjxleKtny21QHaG05zdeZnw2fCtf2+dEqgwqA==}
    engines: {node: '>= 10'}
    cpu: [x64]
    os: [win32]
    requiresBuild: true
    dev: false
    optional: true

  /@popperjs/core@2.11.8:
    resolution: {integrity: sha512-P1st0aksCrn9sGZhp8GMYwBnQsbvAWsZAX44oXNNvLHGqAOcoVxmjZiohstwQ7SqKnbR47akdNi+uleWD8+g6A==}
    dev: false

  /@swc/helpers@0.5.1:
    resolution: {integrity: sha512-sJ902EfIzn1Fa+qYmjdQqh8tPsoxyBz+8yBKC2HKUxyezKJFwPGOn7pv4WY6QuQW//ySQi5lJjA/ZT9sNWWNTg==}
    dependencies:
      tslib: 2.5.3
    dev: false

  /asynckit@0.4.0:
    resolution: {integrity: sha512-Oei9OH4tRh0YqU3GxhX79dM/mwVgvbZJaSNaRk+bshkj0S5cfHcgYakreBjrHwatXKbz+IoIdYLxrKim2MjW0Q==}
    dev: false

  /axios@1.4.0:
    resolution: {integrity: sha512-S4XCWMEmzvo64T9GfvQDOXgYRDJ/wsSZc7Jvdgx5u1sd0JwsuPLqb3SYmusag+edF6ziyMensPVqLTSc1PiSEA==}
    dependencies:
      follow-redirects: 1.15.2
      form-data: 4.0.0
      proxy-from-env: 1.1.0
    transitivePeerDependencies:
      - debug
    dev: false

  /bootstrap@5.0.1(@popperjs/core@2.11.8):
    resolution: {integrity: sha512-Fl79+wsLOZKoiU345KeEaWD0ik8WKRI5zm0YSPj2oF1Qr+BO7z0fco6GbUtqjoG1h4VI89PeKJnMsMMVQdKKTw==}
    peerDependencies:
      '@popperjs/core': ^2.9.2
    dependencies:
      '@popperjs/core': 2.11.8
    dev: false

  /busboy@1.6.0:
    resolution: {integrity: sha512-8SFQbg/0hQ9xy3UNTB0YEnsNBbWfhf7RtnzpL7TkBiTBRfrQ9Fxcnz7VJsleJpyp6rVLvXiuORqjlHi5q+PYuA==}
    engines: {node: '>=10.16.0'}
    dependencies:
      streamsearch: 1.1.0
    dev: false

  /caniuse-lite@1.0.30001506:
    resolution: {integrity: sha512-6XNEcpygZMCKaufIcgpQNZNf00GEqc7VQON+9Rd0K1bMYo8xhMZRAo5zpbnbMNizi4YNgIDAFrdykWsvY3H4Hw==}
    dev: false

  /client-only@0.0.1:
    resolution: {integrity: sha512-IV3Ou0jSMzZrd3pZ48nLkT9DA7Ag1pnPzaiQhpW7c3RbcqqzvzzVu+L8gfqMp/8IM2MQtSiqaCxrrcfu8I8rMA==}
    dev: false

  /combined-stream@1.0.8:
    resolution: {integrity: sha512-FQN4MRfuJeHf7cBbBMJFXhKSDq+2kAArBlmRBvcvFE5BB1HZKXtSFASDhdlz9zOYwxh8lDdnvmMOe/+5cdoEdg==}
    engines: {node: '>= 0.8'}
    dependencies:
      delayed-stream: 1.0.0
    dev: false

  /delayed-stream@1.0.0:
    resolution: {integrity: sha512-ZySD7Nf91aLB0RxL4KGrKHBXl7Eds1DAmEdcoVawXnLD7SDhpNgtuII2aAkg7a7QS41jxPSZ17p4VdGnMHk3MQ==}
    engines: {node: '>=0.4.0'}
    dev: false

  /dotenv@16.3.1:
    resolution: {integrity: sha512-IPzF4w4/Rd94bA9imS68tZBaYyBWSCE47V1RGuMrB94iyTOIEwRmVL2x/4An+6mETpLrKJ5hQkB8W4kFAadeIQ==}
    engines: {node: '>=12'}
    dev: false

  /follow-redirects@1.15.2:
    resolution: {integrity: sha512-VQLG33o04KaQ8uYi2tVNbdrWp1QWxNNea+nmIB4EVM28v0hmP17z7aG1+wAkNzVq4KeXTq3221ye5qTJP91JwA==}
    engines: {node: '>=4.0'}
    peerDependencies:
      debug: '*'
    peerDependenciesMeta:
      debug:
        optional: true
    dev: false

  /form-data@4.0.0:
    resolution: {integrity: sha512-ETEklSGi5t0QMZuiXoA/Q6vcnxcLQP5vdugSpuAyi6SVGi2clPPp+xgEhuMaHC+zGgn31Kd235W35f7Hykkaww==}
    engines: {node: '>= 6'}
    dependencies:
      asynckit: 0.4.0
      combined-stream: 1.0.8
      mime-types: 2.1.35
    dev: false

  /glob-to-regexp@0.4.1:
    resolution: {integrity: sha512-lkX1HJXwyMcprw/5YUZc2s7DrpAiHB21/V+E1rHUrVNokkvB6bqMzT0VfV6/86ZNabt1k14YOIaT7nDvOX3Iiw==}
    dev: false

  /graceful-fs@4.2.11:
    resolution: {integrity: sha512-RbJ5/jmFcNNCcDV5o9eTnBLJ/HszWV0P73bc+Ff4nS/rJj+YaS6IGyiOL0VoBYX+l1Wrl3k63h/KrH+nhJ0XvQ==}
    dev: false

  /js-tokens@4.0.0:
    resolution: {integrity: sha512-RdJUflcE3cUzKiMqQgsCu06FPu9UdIJO0beYbPhHN4k6apgJtifcoCtT9bcxOpYBtpD2kCM6Sbzg4CausW/PKQ==}
    dev: false

  /loose-envify@1.4.0:
    resolution: {integrity: sha512-lyuxPGr/Wfhrlem2CL/UcnUc1zcqKAImBDzukY7Y5F/yQiNdko6+fRLevlw1HgMySw7f611UIY408EtxRSoK3Q==}
    hasBin: true
    dependencies:
      js-tokens: 4.0.0
    dev: false

  /mime-db@1.52.0:
    resolution: {integrity: sha512-sPU4uV7dYlvtWJxwwxHD0PuihVNiE7TyAbQ5SWxDCB9mUYvOgroQOwYQQOKPJ8CIbE+1ETVlOoK1UC2nU3gYvg==}
    engines: {node: '>= 0.6'}
    dev: false

  /mime-types@2.1.35:
    resolution: {integrity: sha512-ZDY+bPm5zTTF+YpCrAU9nK0UgICYPT0QtT1NZWFv4s++TNkcgVaT0g6+4R2uI4MjQjzysHB1zxuWL50hzaeXiw==}
    engines: {node: '>= 0.6'}
    dependencies:
      mime-db: 1.52.0
    dev: false

  /nanoid@3.3.6:
    resolution: {integrity: sha512-BGcqMMJuToF7i1rt+2PWSNVnWIkGCU78jBG3RxO/bZlnZPK2Cmi2QaffxGO/2RvWi9sL+FAiRiXMgsyxQ1DIDA==}
    engines: {node: ^10 || ^12 || ^13.7 || ^14 || >=15.0.1}
    hasBin: true
    dev: false

  /next@13.4.7(react-dom@18.2.0)(react@18.2.0):
    resolution: {integrity: sha512-M8z3k9VmG51SRT6v5uDKdJXcAqLzP3C+vaKfLIAM0Mhx1um1G7MDnO63+m52qPdZfrTFzMZNzfsgvm3ghuVHIQ==}
    engines: {node: '>=16.8.0'}
    hasBin: true
    peerDependencies:
      '@opentelemetry/api': ^1.1.0
      fibers: '>= 3.1.0'
      react: ^18.2.0
      react-dom: ^18.2.0
      sass: ^1.3.0
    peerDependenciesMeta:
      '@opentelemetry/api':
        optional: true
      fibers:
        optional: true
      sass:
        optional: true
    dependencies:
      '@next/env': 13.4.7
      '@swc/helpers': 0.5.1
      busboy: 1.6.0
      caniuse-lite: 1.0.30001506
      postcss: 8.4.14
      react: 18.2.0
      react-dom: 18.2.0(react@18.2.0)
      styled-jsx: 5.1.1(react@18.2.0)
      watchpack: 2.4.0
      zod: 3.21.4
    optionalDependencies:
      '@next/swc-darwin-arm64': 13.4.7
      '@next/swc-darwin-x64': 13.4.7
      '@next/swc-linux-arm64-gnu': 13.4.7
      '@next/swc-linux-arm64-musl': 13.4.7
      '@next/swc-linux-x64-gnu': 13.4.7
      '@next/swc-linux-x64-musl': 13.4.7
      '@next/swc-win32-arm64-msvc': 13.4.7
      '@next/swc-win32-ia32-msvc': 13.4.7
      '@next/swc-win32-x64-msvc': 13.4.7
    transitivePeerDependencies:
      - '@babel/core'
      - babel-plugin-macros
    dev: false

  /picocolors@1.0.0:
    resolution: {integrity: sha512-1fygroTLlHu66zi26VoTDv8yRgm0Fccecssto+MhsZ0D/DGW2sm8E8AjW7NU5VVTRt5GxbeZ5qBuJr+HyLYkjQ==}
    dev: false

  /postcss@8.4.14:
    resolution: {integrity: sha512-E398TUmfAYFPBSdzgeieK2Y1+1cpdxJx8yXbK/m57nRhKSmk1GB2tO4lbLBtlkfPQTDKfe4Xqv1ASWPpayPEig==}
    engines: {node: ^10 || ^12 || >=14}
    dependencies:
      nanoid: 3.3.6
      picocolors: 1.0.0
      source-map-js: 1.0.2
    dev: false

  /proxy-from-env@1.1.0:
    resolution: {integrity: sha512-D+zkORCbA9f1tdWRK0RaCR3GPv50cMxcrz4X8k5LTSUD1Dkw47mKJEZQNunItRTkWwgtaUSo1RVFRIG9ZXiFYg==}
    dev: false

  /react-dom@18.2.0(react@18.2.0):
    resolution: {integrity: sha512-6IMTriUmvsjHUjNtEDudZfuDQUoWXVxKHhlEGSk81n4YFS+r/Kl99wXiwlVXtPBtJenozv2P+hxDsw9eA7Xo6g==}
    peerDependencies:
      react: ^18.2.0
    dependencies:
      loose-envify: 1.4.0
      react: 18.2.0
      scheduler: 0.23.0
    dev: false

  /react@18.2.0:
    resolution: {integrity: sha512-/3IjMdb2L9QbBdWiW5e3P2/npwMBaU9mHCSCUzNln0ZCYbcfTsGbTJrU/kGemdH2IWmB2ioZ+zkxtmq6g09fGQ==}
    engines: {node: '>=0.10.0'}
    dependencies:
      loose-envify: 1.4.0
    dev: false

  /scheduler@0.23.0:
    resolution: {integrity: sha512-CtuThmgHNg7zIZWAXi3AsyIzA3n4xx7aNyjwC2VJldO2LMVDhFK+63xGqq6CsJH4rTAt6/M+N4GhZiDYPx9eUw==}
    dependencies:
      loose-envify: 1.4.0
    dev: false

  /source-map-js@1.0.2:
    resolution: {integrity: sha512-R0XvVJ9WusLiqTCEiGCmICCMplcCkIwwR11mOSD9CR5u+IXYdiseeEuXCVAjS54zqwkLcPNnmU4OeJ6tUrWhDw==}
    engines: {node: '>=0.10.0'}
    dev: false

  /streamsearch@1.1.0:
    resolution: {integrity: sha512-Mcc5wHehp9aXz1ax6bZUyY5afg9u2rv5cqQI3mRrYkGC8rW2hM02jWuwjtL++LS5qinSyhj2QfLyNsuc+VsExg==}
    engines: {node: '>=10.0.0'}
    dev: false

  /styled-jsx@5.1.1(react@18.2.0):
    resolution: {integrity: sha512-pW7uC1l4mBZ8ugbiZrcIsiIvVx1UmTfw7UkC3Um2tmfUq9Bhk8IiyEIPl6F8agHgjzku6j0xQEZbfA5uSgSaCw==}
    engines: {node: '>= 12.0.0'}
    peerDependencies:
      '@babel/core': '*'
      babel-plugin-macros: '*'
      react: '>= 16.8.0 || 17.x.x || ^18.0.0-0'
    peerDependenciesMeta:
      '@babel/core':
        optional: true
      babel-plugin-macros:
        optional: true
    dependencies:
      client-only: 0.0.1
      react: 18.2.0
    dev: false

  /tslib@2.5.3:
    resolution: {integrity: sha512-mSxlJJwl3BMEQCUNnxXBU9jP4JBktcEGhURcPR6VQVlnP0FdDEsIaz0C35dXNGLyRfrATNofF0F5p2KPxQgB+w==}
    dev: false

  /watchpack@2.4.0:
    resolution: {integrity: sha512-Lcvm7MGST/4fup+ifyKi2hjyIAwcdI4HRgtvTpIUxBRhB+RFtUh8XtDOxUfctVCnhVi+QQj49i91OyvzkJl6cg==}
    engines: {node: '>=10.13.0'}
    dependencies:
      glob-to-regexp: 0.4.1
      graceful-fs: 4.2.11
    dev: false

  /zod@3.21.4:
    resolution: {integrity: sha512-m46AKbrzKVzOzs/DZgVnG5H55N1sv1M8qZU3A8RIKbs3mrACDNeIOeilDymVb2HdmP8uwshOCF4uJ8uM9rCqJw==}
    dev: false
